
Microsoft Visual Studio Solution File, Format Version 12.00
# Visual Studio 14
VisualStudioVersion = 14.0.24720.0
MinimumVisualStudioVersion = 10.0.40219.1
Project("{FAE04EC0-301F-11D3-BF4B-00C04F79EFBC}") = "CrystalPlane.CodeGenerator", "CrystalPlane.CodeGenerator\CrystalPlane.CodeGenerator.csproj", "{493E813F-5706-4353-9359-1DB350BFECDF}"
EndProject
Project("{FAE04EC0-301F-11D3-BF4B-00C04F79EFBC}") = "CrystalPlane.Website", "CrystalPlane.Website\CrystalPlane.Website.csproj", "{2E7A3EB9-28AC-4A45-A769-91CC751BCBB4}"
EndProject
Project("{FAE04EC0-301F-11D3-BF4B-00C04F79EFBC}") = "CrystalPlane.Website.Tests", "CrystalPlane.Website.Tests\CrystalPlane.Website.Tests.csproj", "{7D718A9A-A9F7-4AB8-9AFE-58A3DD460C92}"
EndProject
Global
	GlobalSection(SolutionConfigurationPlatforms) = preSolution
		Debug|Any CPU = Debug|Any CPU
		Release|Any CPU = Release|Any CPU
	EndGlobalSection
	GlobalSection(ProjectConfigurationPlatforms) = postSolution
		{493E813F-5706-4353-9359-1DB350BFECDF}.Debug|Any CPU.ActiveCfg = Debug|Any CPU
		{493E813F-5706-4353-9359-1DB350BFECDF}.Debug|Any CPU.Build.0 = Debug|Any CPU
		{493E813F-5706-4353-9359-1DB350BFECDF}.Release|Any CPU.ActiveCfg = Release|Any CPU
		{493E813F-5706-4353-9359-1DB350BFECDF}.Release|Any CPU.Build.0 = Release|Any CPU
		{2E7A3EB9-28AC-4A45-A769-91CC751BCBB4}.Debug|Any CPU.ActiveCfg = Debug|Any CPU
		{2E7A3EB9-28AC-4A45-A769-91CC751BCBB4}.Debug|Any CPU.Build.0 = Debug|Any CPU
		{2E7A3EB9-28AC-4A45-A769-91CC751BCBB4}.Release|Any CPU.ActiveCfg = Release|Any CPU
		{2E7A3EB9-28AC-4A45-A769-91CC751BCBB4}.Release|Any CPU.Build.0 = Release|Any CPU
		{7D718A9A-A9F7-4AB8-9AFE-58A3DD460C92}.Debug|Any CPU.ActiveCfg = Debug|Any CPU
		{7D718A9A-A9F7-4AB8-9AFE-58A3DD460C92}.Debug|Any CPU.Build.0 = Debug|Any CPU
		{7D718A9A-A9F7-4AB8-9AFE-58A3DD460C92}.Release|Any CPU.ActiveCfg = Release|Any CPU
		{7D718A9A-A9F7-4AB8-9AFE-58A3DD460C92}.Release|Any CPU.Build.0 = Release|Any CPU
	EndGlobalSection
	GlobalSection(SolutionProperties) = preSolution
		HideSolutionNode = FALSE
	EndGlobalSection
EndGlobal
